
Microsoft Visual Studio Solution File, Format Version 12.00
# Visual Studio 2013
VisualStudioVersion = 12.0.30110.0
MinimumVisualStudioVersion = 10.0.40219.1
Project("{2150E333-8FDC-42A3-9474-1A3956D46DE8}") = "_Core", "_Core", "{32EC532B-47DF-4FC1-898B-0D30232A14EC}"
EndProject
Project("{FAE04EC0-301F-11D3-BF4B-00C04F79EFBC}") = "Evious.Core.Cache", "Applications\Core\Evious.Core.Cache\Evious.Core.Cache.csproj", "{57E4787A-2DD7-4B00-B0E6-546F80D1D119}"
EndProject
Project("{FAE04EC0-301F-11D3-BF4B-00C04F79EFBC}") = "Evious.Core.Config", "Applications\Core\Evious.Core.Config\Evious.Core.Config.csproj", "{93F0AAA5-F33F-4C02-95BD-56B24A80EB7B}"
EndProject
Project("{FAE04EC0-301F-11D3-BF4B-00C04F79EFBC}") = "Evious.Core.Log", "Applications\Core\Evious.Core.Log\Evious.Core.Log.csproj", "{EC938696-64AD-4182-A879-1E40B3B70069}"
EndProject
Project("{FAE04EC0-301F-11D3-BF4B-00C04F79EFBC}") = "Evious.Core.Module", "Applications\Core\Evious.Core.Module\Evious.Core.Module.csproj", "{D70A6BBE-ED84-40FD-890B-773A32575EDE}"
EndProject
Project("{FAE04EC0-301F-11D3-BF4B-00C04F79EFBC}") = "Evious.Core.Service", "Applications\Core\Evious.Core.Service\Evious.Core.Service.csproj", "{CCB9E234-6678-455F-9D30-FF840353D650}"
EndProject
Project("{FAE04EC0-301F-11D3-BF4B-00C04F79EFBC}") = "Evious.Core.Upload", "Applications\Core\Evious.Core.Upload\Evious.Core.Upload.csproj", "{EC13B65F-7557-40A0-92FB-9FBC2773A69D}"
EndProject
Project("{2150E333-8FDC-42A3-9474-1A3956D46DE8}") = "_Framework", "_Framework", "{55EE2AF6-2EEB-46D4-AED8-C8D622FE1608}"
EndProject
Project("{2150E333-8FDC-42A3-9474-1A3956D46DE8}") = "Account", "Account", "{E3E30946-2FF2-4A52-B2C0-2E2015295DCF}"
EndProject
Project("{2150E333-8FDC-42A3-9474-1A3956D46DE8}") = "Cms", "Cms", "{CB0B364D-683F-461F-BAF0-14D817C87787}"
EndProject
Project("{2150E333-8FDC-42A3-9474-1A3956D46DE8}") = "Crm", "Crm", "{64ACD2CA-30F8-498F-8315-59FD519A5241}"
EndProject
Project("{2150E333-8FDC-42A3-9474-1A3956D46DE8}") = "OA", "OA", "{B246C16C-9C9D-4A98-AB5F-9BE252958BBD}"
EndProject
Project("{2150E333-8FDC-42A3-9474-1A3956D46DE8}") = "Web", "Web", "{73BAF842-625A-48AA-81C9-22A358E2E59B}"
EndProject
Project("{FAE04EC0-301F-11D3-BF4B-00C04F79EFBC}") = "Evious.Framework.BLL", "Applications\Framework\Evious.Framework.BLL\Evious.Framework.BLL.csproj", "{653EE8D0-B8A1-4BF1-AC15-63EEE3880E70}"
EndProject
Project("{FAE04EC0-301F-11D3-BF4B-00C04F79EFBC}") = "Evious.Framework.Contract", "Applications\Framework\Evious.Framework.Contract\Evious.Framework.Contract.csproj", "{DC181585-D2D9-4748-B425-9A7AF7BCAB11}"
EndProject
Project("{FAE04EC0-301F-11D3-BF4B-00C04F79EFBC}") = "Evious.Framework.DAL", "Applications\Framework\Evious.Framework.DAL\Evious.Framework.DAL.csproj", "{8D3C7012-8D28-419E-B24B-5D5A77782D42}"
EndProject
Project("{FAE04EC0-301F-11D3-BF4B-00C04F79EFBC}") = "Evious.Framework.Utility", "Applications\Framework\Evious.Framework.Utility\Evious.Framework.Utility.csproj", "{364B7CD6-924A-46C0-9DE8-1191EF6910AB}"
EndProject
Project("{FAE04EC0-301F-11D3-BF4B-00C04F79EFBC}") = "Evious.Framework.Web", "Applications\Framework\Evious.Framework.Web\Evious.Framework.Web.csproj", "{21B23E3F-8EDD-417F-9A92-9DDEF4C938B3}"
EndProject
Project("{FAE04EC0-301F-11D3-BF4B-00C04F79EFBC}") = "Evious.Account.BLL", "Applications\Account\Evious.Account.BLL\Evious.Account.BLL.csproj", "{D2E48E80-612C-48F4-9FB4-2BE8CE4E4587}"
EndProject
Project("{FAE04EC0-301F-11D3-BF4B-00C04F79EFBC}") = "Evious.Account.Contract", "Applications\Account\Evious.Account.Contract\Evious.Account.Contract.csproj", "{6F6A290F-7642-4428-B685-6ECF0A2F12C6}"
EndProject
Project("{FAE04EC0-301F-11D3-BF4B-00C04F79EFBC}") = "Evious.Account.DAL", "Applications\Account\Evious.Account.DAL\Evious.Account.DAL.csproj", "{3E5C28B7-32F3-466D-96E0-2AC4ABDA2B9E}"
EndProject
Project("{FAE04EC0-301F-11D3-BF4B-00C04F79EFBC}") = "Evious.Cms.BLL", "Applications\CMS\Evious.Cms.BLL\Evious.Cms.BLL.csproj", "{256A17C5-1310-40AE-AB28-2AEB80E1DB09}"
EndProject
Project("{FAE04EC0-301F-11D3-BF4B-00C04F79EFBC}") = "Evious.Cms.Contract", "Applications\CMS\Evious.Cms.Contract\Evious.Cms.Contract.csproj", "{E3AEB3C8-5CF1-4C96-ABCC-3EE1D27D89FB}"
EndProject
Project("{FAE04EC0-301F-11D3-BF4B-00C04F79EFBC}") = "Evious.Cms.DAL", "Applications\CMS\Evious.Cms.DAL\Evious.Cms.DAL.csproj", "{AD0D546F-5827-4CBE-860E-B9D0EA6ED77A}"
EndProject
Project("{FAE04EC0-301F-11D3-BF4B-00C04F79EFBC}") = "Evious.Crm.BLL", "Applications\CRM\Evious.Crm.BLL\Evious.Crm.BLL.csproj", "{2E42231F-0A63-42BA-BE08-3C84DFD9E7F9}"
EndProject
Project("{FAE04EC0-301F-11D3-BF4B-00C04F79EFBC}") = "Evious.Crm.Contract", "Applications\CRM\Evious.Crm.Contract\Evious.Crm.Contract.csproj", "{754C6DAB-9AC3-42F3-B6FE-4960CF238053}"
EndProject
Project("{FAE04EC0-301F-11D3-BF4B-00C04F79EFBC}") = "Evious.Crm.DAL", "Applications\CRM\Evious.Crm.DAL\Evious.Crm.DAL.csproj", "{3573CD5F-7871-4235-BC9A-71F7E01724D2}"
EndProject
Project("{FAE04EC0-301F-11D3-BF4B-00C04F79EFBC}") = "Evious.OA.BLL", "Applications\OA\Evious.OA.BLL\Evious.OA.BLL.csproj", "{2E7A1EAA-FAB8-4B5F-9A1A-E0757708886C}"
EndProject
Project("{FAE04EC0-301F-11D3-BF4B-00C04F79EFBC}") = "Evious.OA.Contract", "Applications\OA\Evious.OA.Contract\Evious.OA.Contract.csproj", "{0D57083B-EED3-42FA-B4D5-7152F200805C}"
EndProject
Project("{FAE04EC0-301F-11D3-BF4B-00C04F79EFBC}") = "Evious.OA.DAL", "Applications\OA\Evious.OA.DAL\Evious.OA.DAL.csproj", "{05FB5950-98A6-4040-AC45-909D9662D53B}"
EndProject
Project("{FAE04EC0-301F-11D3-BF4B-00C04F79EFBC}") = "Evious.Web", "Applications\Web\Evious.Web\Evious.Web.csproj", "{BA101DAF-547D-4319-A8DF-64FC5BD9D3F3}"
EndProject
Project("{FAE04EC0-301F-11D3-BF4B-00C04F79EFBC}") = "Evious.Web.Admin", "Applications\Web\Evious.Web.Admin\Evious.Web.Admin.csproj", "{6B57BD0F-3EF9-4ADB-8A3E-3541635A87A0}"
EndProject
Project("{2150E333-8FDC-42A3-9474-1A3956D46DE8}") = "Ims", "Ims", "{BAF40478-8A1C-4F77-AAAD-3E9666D6A514}"
EndProject
Project("{FAE04EC0-301F-11D3-BF4B-00C04F79EFBC}") = "Evious.Ims.BLL", "Applications\Ims\Evious.Ims.BLL\Evious.Ims.BLL.csproj", "{E65806C2-0E91-473C-A412-25EE94EACECB}"
EndProject
Project("{FAE04EC0-301F-11D3-BF4B-00C04F79EFBC}") = "Evious.Ims.Contract", "Applications\Ims\Evious.Ims.Contract\Evious.Ims.Contract.csproj", "{26BFB975-DAEE-4070-8F57-5E76D46F866B}"
EndProject
Project("{FAE04EC0-301F-11D3-BF4B-00C04F79EFBC}") = "Evious.Ims.DAL", "Applications\Ims\Evious.Ims.DAL\Evious.Ims.DAL.csproj", "{CE62038A-F352-439B-8489-97E58493535F}"
EndProject
Project("{2150E333-8FDC-42A3-9474-1A3956D46DE8}") = "_Api", "_Api", "{487BF600-F90D-494B-8A68-E5E9F60C521B}"
EndProject
Project("{FAE04EC0-301F-11D3-BF4B-00C04F79EFBC}") = "Evious.Web.AdminAPI", "Applications\Web\Evious.Web.AdminAPI\Evious.Web.AdminAPI.csproj", "{746B5D02-B508-470C-8DDE-B21ADADECE79}"
EndProject
Project("{2150E333-8FDC-42A3-9474-1A3956D46DE8}") = ".nuget", ".nuget", "{C27065A4-D7D9-4D6E-9F2D-5F6BD00A7A29}"
	ProjectSection(SolutionItems) = preProject
		.nuget\packages.config = .nuget\packages.config
	EndProjectSection
EndProject
Project("{FAE04EC0-301F-11D3-BF4B-00C04F79EFBC}") = "Evious.Web.AdminApplication", "Applications\Web\Evious.Web.AdminApplication\Evious.Web.AdminApplication.csproj", "{CC7373A0-0445-45BE-887A-89CC761C3D49}"
EndProject
Global
	GlobalSection(SolutionConfigurationPlatforms) = preSolution
		Debug|Any CPU = Debug|Any CPU
		Release|Any CPU = Release|Any CPU
	EndGlobalSection
	GlobalSection(ProjectConfigurationPlatforms) = postSolution
		{57E4787A-2DD7-4B00-B0E6-546F80D1D119}.Debug|Any CPU.ActiveCfg = Debug|Any CPU
		{57E4787A-2DD7-4B00-B0E6-546F80D1D119}.Debug|Any CPU.Build.0 = Debug|Any CPU
		{57E4787A-2DD7-4B00-B0E6-546F80D1D119}.Release|Any CPU.ActiveCfg = Release|Any CPU
		{57E4787A-2DD7-4B00-B0E6-546F80D1D119}.Release|Any CPU.Build.0 = Release|Any CPU
		{93F0AAA5-F33F-4C02-95BD-56B24A80EB7B}.Debug|Any CPU.ActiveCfg = Debug|Any CPU
		{93F0AAA5-F33F-4C02-95BD-56B24A80EB7B}.Debug|Any CPU.Build.0 = Debug|Any CPU
		{93F0AAA5-F33F-4C02-95BD-56B24A80EB7B}.Release|Any CPU.ActiveCfg = Release|Any CPU
		{93F0AAA5-F33F-4C02-95BD-56B24A80EB7B}.Release|Any CPU.Build.0 = Release|Any CPU
		{EC938696-64AD-4182-A879-1E40B3B70069}.Debug|Any CPU.ActiveCfg = Debug|Any CPU
		{EC938696-64AD-4182-A879-1E40B3B70069}.Debug|Any CPU.Build.0 = Debug|Any CPU
		{EC938696-64AD-4182-A879-1E40B3B70069}.Release|Any CPU.ActiveCfg = Release|Any CPU
		{EC938696-64AD-4182-A879-1E40B3B70069}.Release|Any CPU.Build.0 = Release|Any CPU
		{D70A6BBE-ED84-40FD-890B-773A32575EDE}.Debug|Any CPU.ActiveCfg = Debug|Any CPU
		{D70A6BBE-ED84-40FD-890B-773A32575EDE}.Debug|Any CPU.Build.0 = Debug|Any CPU
		{D70A6BBE-ED84-40FD-890B-773A32575EDE}.Release|Any CPU.ActiveCfg = Release|Any CPU
		{D70A6BBE-ED84-40FD-890B-773A32575EDE}.Release|Any CPU.Build.0 = Release|Any CPU
		{CCB9E234-6678-455F-9D30-FF840353D650}.Debug|Any CPU.ActiveCfg = Debug|Any CPU
		{CCB9E234-6678-455F-9D30-FF840353D650}.Debug|Any CPU.Build.0 = Debug|Any CPU
		{CCB9E234-6678-455F-9D30-FF840353D650}.Release|Any CPU.ActiveCfg = Release|Any CPU
		{CCB9E234-6678-455F-9D30-FF840353D650}.Release|Any CPU.Build.0 = Release|Any CPU
		{EC13B65F-7557-40A0-92FB-9FBC2773A69D}.Debug|Any CPU.ActiveCfg = Debug|Any CPU
		{EC13B65F-7557-40A0-92FB-9FBC2773A69D}.Debug|Any CPU.Build.0 = Debug|Any CPU
		{EC13B65F-7557-40A0-92FB-9FBC2773A69D}.Release|Any CPU.ActiveCfg = Release|Any CPU
		{EC13B65F-7557-40A0-92FB-9FBC2773A69D}.Release|Any CPU.Build.0 = Release|Any CPU
		{653EE8D0-B8A1-4BF1-AC15-63EEE3880E70}.Debug|Any CPU.ActiveCfg = Debug|Any CPU
		{653EE8D0-B8A1-4BF1-AC15-63EEE3880E70}.Debug|Any CPU.Build.0 = Debug|Any CPU
		{653EE8D0-B8A1-4BF1-AC15-63EEE3880E70}.Release|Any CPU.ActiveCfg = Release|Any CPU
		{653EE8D0-B8A1-4BF1-AC15-63EEE3880E70}.Release|Any CPU.Build.0 = Release|Any CPU
		{DC181585-D2D9-4748-B425-9A7AF7BCAB11}.Debug|Any CPU.ActiveCfg = Debug|Any CPU
		{DC181585-D2D9-4748-B425-9A7AF7BCAB11}.Debug|Any CPU.Build.0 = Debug|Any CPU
		{DC181585-D2D9-4748-B425-9A7AF7BCAB11}.Release|Any CPU.ActiveCfg = Release|Any CPU
		{DC181585-D2D9-4748-B425-9A7AF7BCAB11}.Release|Any CPU.Build.0 = Release|Any CPU
		{8D3C7012-8D28-419E-B24B-5D5A77782D42}.Debug|Any CPU.ActiveCfg = Debug|Any CPU
		{8D3C7012-8D28-419E-B24B-5D5A77782D42}.Debug|Any CPU.Build.0 = Debug|Any CPU
		{8D3C7012-8D28-419E-B24B-5D5A77782D42}.Release|Any CPU.ActiveCfg = Release|Any CPU
		{8D3C7012-8D28-419E-B24B-5D5A77782D42}.Release|Any CPU.Build.0 = Release|Any CPU
		{364B7CD6-924A-46C0-9DE8-1191EF6910AB}.Debug|Any CPU.ActiveCfg = Debug|Any CPU
		{364B7CD6-924A-46C0-9DE8-1191EF6910AB}.Debug|Any CPU.Build.0 = Debug|Any CPU
		{364B7CD6-924A-46C0-9DE8-1191EF6910AB}.Release|Any CPU.ActiveCfg = Release|Any CPU
		{364B7CD6-924A-46C0-9DE8-1191EF6910AB}.Release|Any CPU.Build.0 = Release|Any CPU
		{21B23E3F-8EDD-417F-9A92-9DDEF4C938B3}.Debug|Any CPU.ActiveCfg = Debug|Any CPU
		{21B23E3F-8EDD-417F-9A92-9DDEF4C938B3}.Debug|Any CPU.Build.0 = Debug|Any CPU
		{21B23E3F-8EDD-417F-9A92-9DDEF4C938B3}.Release|Any CPU.ActiveCfg = Release|Any CPU
		{21B23E3F-8EDD-417F-9A92-9DDEF4C938B3}.Release|Any CPU.Build.0 = Release|Any CPU
		{D2E48E80-612C-48F4-9FB4-2BE8CE4E4587}.Debug|Any CPU.ActiveCfg = Debug|Any CPU
		{D2E48E80-612C-48F4-9FB4-2BE8CE4E4587}.Debug|Any CPU.Build.0 = Debug|Any CPU
		{D2E48E80-612C-48F4-9FB4-2BE8CE4E4587}.Release|Any CPU.ActiveCfg = Release|Any CPU
		{D2E48E80-612C-48F4-9FB4-2BE8CE4E4587}.Release|Any CPU.Build.0 = Release|Any CPU
		{6F6A290F-7642-4428-B685-6ECF0A2F12C6}.Debug|Any CPU.ActiveCfg = Debug|Any CPU
		{6F6A290F-7642-4428-B685-6ECF0A2F12C6}.Debug|Any CPU.Build.0 = Debug|Any CPU
		{6F6A290F-7642-4428-B685-6ECF0A2F12C6}.Release|Any CPU.ActiveCfg = Release|Any CPU
		{6F6A290F-7642-4428-B685-6ECF0A2F12C6}.Release|Any CPU.Build.0 = Release|Any CPU
		{3E5C28B7-32F3-466D-96E0-2AC4ABDA2B9E}.Debug|Any CPU.ActiveCfg = Debug|Any CPU
		{3E5C28B7-32F3-466D-96E0-2AC4ABDA2B9E}.Debug|Any CPU.Build.0 = Debug|Any CPU
		{3E5C28B7-32F3-466D-96E0-2AC4ABDA2B9E}.Release|Any CPU.ActiveCfg = Release|Any CPU
		{3E5C28B7-32F3-466D-96E0-2AC4ABDA2B9E}.Release|Any CPU.Build.0 = Release|Any CPU
		{256A17C5-1310-40AE-AB28-2AEB80E1DB09}.Debug|Any CPU.ActiveCfg = Debug|Any CPU
		{256A17C5-1310-40AE-AB28-2AEB80E1DB09}.Debug|Any CPU.Build.0 = Debug|Any CPU
		{256A17C5-1310-40AE-AB28-2AEB80E1DB09}.Release|Any CPU.ActiveCfg = Release|Any CPU
		{256A17C5-1310-40AE-AB28-2AEB80E1DB09}.Release|Any CPU.Build.0 = Release|Any CPU
		{E3AEB3C8-5CF1-4C96-ABCC-3EE1D27D89FB}.Debug|Any CPU.ActiveCfg = Debug|Any CPU
		{E3AEB3C8-5CF1-4C96-ABCC-3EE1D27D89FB}.Debug|Any CPU.Build.0 = Debug|Any CPU
		{E3AEB3C8-5CF1-4C96-ABCC-3EE1D27D89FB}.Release|Any CPU.ActiveCfg = Release|Any CPU
		{E3AEB3C8-5CF1-4C96-ABCC-3EE1D27D89FB}.Release|Any CPU.Build.0 = Release|Any CPU
		{AD0D546F-5827-4CBE-860E-B9D0EA6ED77A}.Debug|Any CPU.ActiveCfg = Debug|Any CPU
		{AD0D546F-5827-4CBE-860E-B9D0EA6ED77A}.Debug|Any CPU.Build.0 = Debug|Any CPU
		{AD0D546F-5827-4CBE-860E-B9D0EA6ED77A}.Release|Any CPU.ActiveCfg = Release|Any CPU
		{AD0D546F-5827-4CBE-860E-B9D0EA6ED77A}.Release|Any CPU.Build.0 = Release|Any CPU
		{2E42231F-0A63-42BA-BE08-3C84DFD9E7F9}.Debug|Any CPU.ActiveCfg = Debug|Any CPU
		{2E42231F-0A63-42BA-BE08-3C84DFD9E7F9}.Debug|Any CPU.Build.0 = Debug|Any CPU
		{2E42231F-0A63-42BA-BE08-3C84DFD9E7F9}.Release|Any CPU.ActiveCfg = Release|Any CPU
		{2E42231F-0A63-42BA-BE08-3C84DFD9E7F9}.Release|Any CPU.Build.0 = Release|Any CPU
		{754C6DAB-9AC3-42F3-B6FE-4960CF238053}.Debug|Any CPU.ActiveCfg = Debug|Any CPU
		{754C6DAB-9AC3-42F3-B6FE-4960CF238053}.Debug|Any CPU.Build.0 = Debug|Any CPU
		{754C6DAB-9AC3-42F3-B6FE-4960CF238053}.Release|Any CPU.ActiveCfg = Release|Any CPU
		{754C6DAB-9AC3-42F3-B6FE-4960CF238053}.Release|Any CPU.Build.0 = Release|Any CPU
		{3573CD5F-7871-4235-BC9A-71F7E01724D2}.Debug|Any CPU.ActiveCfg = Debug|Any CPU
		{3573CD5F-7871-4235-BC9A-71F7E01724D2}.Debug|Any CPU.Build.0 = Debug|Any CPU
		{3573CD5F-7871-4235-BC9A-71F7E01724D2}.Release|Any CPU.ActiveCfg = Release|Any CPU
		{3573CD5F-7871-4235-BC9A-71F7E01724D2}.Release|Any CPU.Build.0 = Release|Any CPU
		{2E7A1EAA-FAB8-4B5F-9A1A-E0757708886C}.Debug|Any CPU.ActiveCfg = Debug|Any CPU
		{2E7A1EAA-FAB8-4B5F-9A1A-E0757708886C}.Debug|Any CPU.Build.0 = Debug|Any CPU
		{2E7A1EAA-FAB8-4B5F-9A1A-E0757708886C}.Release|Any CPU.ActiveCfg = Release|Any CPU
		{2E7A1EAA-FAB8-4B5F-9A1A-E0757708886C}.Release|Any CPU.Build.0 = Release|Any CPU
		{0D57083B-EED3-42FA-B4D5-7152F200805C}.Debug|Any CPU.ActiveCfg = Debug|Any CPU
		{0D57083B-EED3-42FA-B4D5-7152F200805C}.Debug|Any CPU.Build.0 = Debug|Any CPU
		{0D57083B-EED3-42FA-B4D5-7152F200805C}.Release|Any CPU.ActiveCfg = Release|Any CPU
		{0D57083B-EED3-42FA-B4D5-7152F200805C}.Release|Any CPU.Build.0 = Release|Any CPU
		{05FB5950-98A6-4040-AC45-909D9662D53B}.Debug|Any CPU.ActiveCfg = Debug|Any CPU
		{05FB5950-98A6-4040-AC45-909D9662D53B}.Debug|Any CPU.Build.0 = Debug|Any CPU
		{05FB5950-98A6-4040-AC45-909D9662D53B}.Release|Any CPU.ActiveCfg = Release|Any CPU
		{05FB5950-98A6-4040-AC45-909D9662D53B}.Release|Any CPU.Build.0 = Release|Any CPU
		{BA101DAF-547D-4319-A8DF-64FC5BD9D3F3}.Debug|Any CPU.ActiveCfg = Debug|Any CPU
		{BA101DAF-547D-4319-A8DF-64FC5BD9D3F3}.Debug|Any CPU.Build.0 = Debug|Any CPU
		{BA101DAF-547D-4319-A8DF-64FC5BD9D3F3}.Release|Any CPU.ActiveCfg = Release|Any CPU
		{BA101DAF-547D-4319-A8DF-64FC5BD9D3F3}.Release|Any CPU.Build.0 = Release|Any CPU
		{6B57BD0F-3EF9-4ADB-8A3E-3541635A87A0}.Debug|Any CPU.ActiveCfg = Debug|Any CPU
		{6B57BD0F-3EF9-4ADB-8A3E-3541635A87A0}.Debug|Any CPU.Build.0 = Debug|Any CPU
		{6B57BD0F-3EF9-4ADB-8A3E-3541635A87A0}.Release|Any CPU.ActiveCfg = Release|Any CPU
		{6B57BD0F-3EF9-4ADB-8A3E-3541635A87A0}.Release|Any CPU.Build.0 = Release|Any CPU
		{E65806C2-0E91-473C-A412-25EE94EACECB}.Debug|Any CPU.ActiveCfg = Debug|Any CPU
		{E65806C2-0E91-473C-A412-25EE94EACECB}.Debug|Any CPU.Build.0 = Debug|Any CPU
		{E65806C2-0E91-473C-A412-25EE94EACECB}.Release|Any CPU.ActiveCfg = Release|Any CPU
		{E65806C2-0E91-473C-A412-25EE94EACECB}.Release|Any CPU.Build.0 = Release|Any CPU
		{26BFB975-DAEE-4070-8F57-5E76D46F866B}.Debug|Any CPU.ActiveCfg = Debug|Any CPU
		{26BFB975-DAEE-4070-8F57-5E76D46F866B}.Debug|Any CPU.Build.0 = Debug|Any CPU
		{26BFB975-DAEE-4070-8F57-5E76D46F866B}.Release|Any CPU.ActiveCfg = Release|Any CPU
		{26BFB975-DAEE-4070-8F57-5E76D46F866B}.Release|Any CPU.Build.0 = Release|Any CPU
		{CE62038A-F352-439B-8489-97E58493535F}.Debug|Any CPU.ActiveCfg = Debug|Any CPU
		{CE62038A-F352-439B-8489-97E58493535F}.Debug|Any CPU.Build.0 = Debug|Any CPU
		{CE62038A-F352-439B-8489-97E58493535F}.Release|Any CPU.ActiveCfg = Release|Any CPU
		{CE62038A-F352-439B-8489-97E58493535F}.Release|Any CPU.Build.0 = Release|Any CPU
		{746B5D02-B508-470C-8DDE-B21ADADECE79}.Debug|Any CPU.ActiveCfg = Debug|Any CPU
		{746B5D02-B508-470C-8DDE-B21ADADECE79}.Debug|Any CPU.Build.0 = Debug|Any CPU
		{746B5D02-B508-470C-8DDE-B21ADADECE79}.Release|Any CPU.ActiveCfg = Release|Any CPU
		{746B5D02-B508-470C-8DDE-B21ADADECE79}.Release|Any CPU.Build.0 = Release|Any CPU
		{CC7373A0-0445-45BE-887A-89CC761C3D49}.Debug|Any CPU.ActiveCfg = Debug|Any CPU
		{CC7373A0-0445-45BE-887A-89CC761C3D49}.Debug|Any CPU.Build.0 = Debug|Any CPU
		{CC7373A0-0445-45BE-887A-89CC761C3D49}.Release|Any CPU.ActiveCfg = Release|Any CPU
		{CC7373A0-0445-45BE-887A-89CC761C3D49}.Release|Any CPU.Build.0 = Release|Any CPU
	EndGlobalSection
	GlobalSection(SolutionProperties) = preSolution
		HideSolutionNode = FALSE
	EndGlobalSection
	GlobalSection(NestedProjects) = preSolution
		{57E4787A-2DD7-4B00-B0E6-546F80D1D119} = {32EC532B-47DF-4FC1-898B-0D30232A14EC}
		{93F0AAA5-F33F-4C02-95BD-56B24A80EB7B} = {32EC532B-47DF-4FC1-898B-0D30232A14EC}
		{EC938696-64AD-4182-A879-1E40B3B70069} = {32EC532B-47DF-4FC1-898B-0D30232A14EC}
		{D70A6BBE-ED84-40FD-890B-773A32575EDE} = {32EC532B-47DF-4FC1-898B-0D30232A14EC}
		{CCB9E234-6678-455F-9D30-FF840353D650} = {32EC532B-47DF-4FC1-898B-0D30232A14EC}
		{EC13B65F-7557-40A0-92FB-9FBC2773A69D} = {32EC532B-47DF-4FC1-898B-0D30232A14EC}
		{653EE8D0-B8A1-4BF1-AC15-63EEE3880E70} = {55EE2AF6-2EEB-46D4-AED8-C8D622FE1608}
		{DC181585-D2D9-4748-B425-9A7AF7BCAB11} = {55EE2AF6-2EEB-46D4-AED8-C8D622FE1608}
		{8D3C7012-8D28-419E-B24B-5D5A77782D42} = {55EE2AF6-2EEB-46D4-AED8-C8D622FE1608}
		{364B7CD6-924A-46C0-9DE8-1191EF6910AB} = {55EE2AF6-2EEB-46D4-AED8-C8D622FE1608}
		{21B23E3F-8EDD-417F-9A92-9DDEF4C938B3} = {55EE2AF6-2EEB-46D4-AED8-C8D622FE1608}
		{D2E48E80-612C-48F4-9FB4-2BE8CE4E4587} = {E3E30946-2FF2-4A52-B2C0-2E2015295DCF}
		{6F6A290F-7642-4428-B685-6ECF0A2F12C6} = {E3E30946-2FF2-4A52-B2C0-2E2015295DCF}
		{3E5C28B7-32F3-466D-96E0-2AC4ABDA2B9E} = {E3E30946-2FF2-4A52-B2C0-2E2015295DCF}
		{256A17C5-1310-40AE-AB28-2AEB80E1DB09} = {CB0B364D-683F-461F-BAF0-14D817C87787}
		{E3AEB3C8-5CF1-4C96-ABCC-3EE1D27D89FB} = {CB0B364D-683F-461F-BAF0-14D817C87787}
		{AD0D546F-5827-4CBE-860E-B9D0EA6ED77A} = {CB0B364D-683F-461F-BAF0-14D817C87787}
		{2E42231F-0A63-42BA-BE08-3C84DFD9E7F9} = {64ACD2CA-30F8-498F-8315-59FD519A5241}
		{754C6DAB-9AC3-42F3-B6FE-4960CF238053} = {64ACD2CA-30F8-498F-8315-59FD519A5241}
		{3573CD5F-7871-4235-BC9A-71F7E01724D2} = {64ACD2CA-30F8-498F-8315-59FD519A5241}
		{2E7A1EAA-FAB8-4B5F-9A1A-E0757708886C} = {B246C16C-9C9D-4A98-AB5F-9BE252958BBD}
		{0D57083B-EED3-42FA-B4D5-7152F200805C} = {B246C16C-9C9D-4A98-AB5F-9BE252958BBD}
		{05FB5950-98A6-4040-AC45-909D9662D53B} = {B246C16C-9C9D-4A98-AB5F-9BE252958BBD}
		{BA101DAF-547D-4319-A8DF-64FC5BD9D3F3} = {73BAF842-625A-48AA-81C9-22A358E2E59B}
		{6B57BD0F-3EF9-4ADB-8A3E-3541635A87A0} = {73BAF842-625A-48AA-81C9-22A358E2E59B}
		{746B5D02-B508-470C-8DDE-B21ADADECE79} = {73BAF842-625A-48AA-81C9-22A358E2E59B}
		{CC7373A0-0445-45BE-887A-89CC761C3D49} = {73BAF842-625A-48AA-81C9-22A358E2E59B}
		{E65806C2-0E91-473C-A412-25EE94EACECB} = {BAF40478-8A1C-4F77-AAAD-3E9666D6A514}
		{26BFB975-DAEE-4070-8F57-5E76D46F866B} = {BAF40478-8A1C-4F77-AAAD-3E9666D6A514}
		{CE62038A-F352-439B-8489-97E58493535F} = {BAF40478-8A1C-4F77-AAAD-3E9666D6A514}
	EndGlobalSection
EndGlobal
